
Microsoft Visual Studio Solution File, Format Version 12.00
# Visual Studio Version 17
VisualStudioVersion = 17.14.36429.23 d17.14
MinimumVisualStudioVersion = 10.0.40219.1
Project("{FAE04EC0-301F-11D3-BF4B-00C04F79EFBC}") = "game-10003-git-excercise2", "game-10003-git-excercise2.csproj", "{08151A1F-75D5-471F-8D1F-338C4E3D3341}"
EndProject
Global
	GlobalSection(SolutionConfigurationPlatforms) = preSolution
		Debug|Any CPU = Debug|Any CPU
		Release|Any CPU = Release|Any CPU
	EndGlobalSection
	GlobalSection(ProjectConfigurationPlatforms) = postSolution
		{08151A1F-75D5-471F-8D1F-338C4E3D3341}.Debug|Any CPU.ActiveCfg = Debug|Any CPU
		{08151A1F-75D5-471F-8D1F-338C4E3D3341}.Debug|Any CPU.Build.0 = Debug|Any CPU
		{08151A1F-75D5-471F-8D1F-338C4E3D3341}.Release|Any CPU.ActiveCfg = Release|Any CPU
		{08151A1F-75D5-471F-8D1F-338C4E3D3341}.Release|Any CPU.Build.0 = Release|Any CPU
	EndGlobalSection
	GlobalSection(SolutionProperties) = preSolution
		HideSolutionNode = FALSE
	EndGlobalSection
	GlobalSection(ExtensibilityGlobals) = postSolution
		SolutionGuid = {54FEBC42-6825-416D-A5F0-E8FFA8D0A18A}
	EndGlobalSection
EndGlobal
